
Microsoft Visual Studio Solution File, Format Version 12.00
# Visual Studio Version 17
VisualStudioVersion = 17.3.32825.248
MinimumVisualStudioVersion = 10.0.40219.1
Project("{529601F8-4CB1-4A68-80F0-E27A9799CA59}") = "FlyPAD", "FlyPAD\FlyPAD.csproj", "{5EEC1B96-E51B-4099-99CE-5C6BC5F75BC2}"
EndProject
Global
	GlobalSection(SolutionConfigurationPlatforms) = preSolution
		Debug|Any CPU = Debug|Any CPU
		Release|Any CPU = Release|Any CPU
	EndGlobalSection
	GlobalSection(ProjectConfigurationPlatforms) = postSolution
		{5EEC1B96-E51B-4099-99CE-5C6BC5F75BC2}.Debug|Any CPU.ActiveCfg = Debug|Any CPU
		{5EEC1B96-E51B-4099-99CE-5C6BC5F75BC2}.Debug|Any CPU.Build.0 = Debug|Any CPU
		{5EEC1B96-E51B-4099-99CE-5C6BC5F75BC2}.Release|Any CPU.ActiveCfg = Release|Any CPU
		{5EEC1B96-E51B-4099-99CE-5C6BC5F75BC2}.Release|Any CPU.Build.0 = Release|Any CPU
	EndGlobalSection
	GlobalSection(SolutionProperties) = preSolution
		HideSolutionNode = FALSE
	EndGlobalSection
	GlobalSection(ExtensibilityGlobals) = postSolution
		SolutionGuid = {44C27027-219D-4C04-8944-BAEC31CBAA0C}
	EndGlobalSection
EndGlobal
